// !$*UTF8*$!
{
	archiveVersion = 1;
	classes = {
	};
	objectVersion = 46;
	objects = {

/* Begin PBXBuildFile section */
		BAB9B8401D92BD2500B51C7D /* AppDelegate.swift in Sources */ = {isa = PBXBuildFile; fileRef = BAB9B83F1D92BD2500B51C7D /* AppDelegate.swift */; };
		BAB9B8421D92BD2500B51C7D /* ViewController.swift in Sources */ = {isa = PBXBuildFile; fileRef = BAB9B8411D92BD2500B51C7D /* ViewController.swift */; };
		BAB9B8451D92BD2500B51C7D /* Main.storyboard in Resources */ = {isa = PBXBuildFile; fileRef = BAB9B8431D92BD2500B51C7D /* Main.storyboard */; };
		BAB9B8471D92BD2500B51C7D /* Assets.xcassets in Resources */ = {isa = PBXBuildFile; fileRef = BAB9B8461D92BD2500B51C7D /* Assets.xcassets */; };
		BAB9B84A1D92BD2500B51C7D /* LaunchScreen.storyboard in Resources */ = {isa = PBXBuildFile; fileRef = BAB9B8481D92BD2500B51C7D /* LaunchScreen.storyboard */; };
/* End PBXBuildFile section */

/* Begin PBXFileReference section */
		BAB9B83C1D92BD2500B51C7D /* SimpleTipCalculator.app */ = {isa = PBXFileReference; explicitFileType = wrapper.application; includeInIndex = 0; path = SimpleTipCalculator.app; sourceTree = BUILT_PRODUCTS_DIR; };
		BAB9B83F1D92BD2500B51C7D /* AppDelegate.swift */ = {isa = PBXFileReference; lastKnownFileType = sourcecode.swift; path = AppDelegate.swift; sourceTree = "<group>"; };
		BAB9B8411D92BD2500B51C7D /* ViewController.swift */ = {isa = PBXFileReference; lastKnownFileType = sourcecode.swift; path = ViewController.swift; sourceTree = "<group>"; };
		BAB9B8441D92BD2500B51C7D /* Base */ = {isa = PBXFileReference; lastKnownFileType = file.storyboard; name = Base; path = Base.lproj/Main.storyboard; sourceTree = "<group>"; };
		BAB9B8461D92BD2500B51C7D /* Assets.xcassets */ = {isa = PBXFileReference; lastKnownFileType = folder.assetcatalog; path = Assets.xcassets; sourceTree = "<group>"; };
		BAB9B8491D92BD2500B51C7D /* Base */ = {isa = PBXFileReference; lastKnownFileType = file.storyboard; name = Base; path = Base.lproj/LaunchScreen.storyboard; sourceTree = "<group>"; };
		BAB9B84B1D92BD2500B51C7D /* Info.plist */ = {isa = PBXFileReference; lastKnownFileType = text.plist.xml; path = Info.plist; sourceTree = "<group>"; };
/* End PBXFileReference section */

/* Begin PBXFrameworksBuildPhase section */
		BAB9B8391D92BD2500B51C7D /* Frameworks */ = {
			isa = PBXFrameworksBuildPhase;
			buildActionMask = 2147483647;
			files = (
			);
			runOnlyForDeploymentPostprocessing = 0;
		};
/* End PBXFrameworksBuildPhase section */

/* Begin PBXGroup section */
		BAB9B8331D92BD2500B51C7D = {
			isa = PBXGroup;
			children = (
				BAB9B83E1D92BD2500B51C7D /* SimpleTipCalculator */,
				BAB9B83D1D92BD2500B51C7D /* Products */,
			);
			sourceTree = "<group>";
		};
		BAB9B83D1D92BD2500B51C7D /* Products */ = {
			isa = PBXGroup;
			children = (
				BAB9B83C1D92BD2500B51C7D /* SimpleTipCalculator.app */,
			);
			name = Products;
			sourceTree = "<group>";
		};
		BAB9B83E1D92BD2500B51C7D /* SimpleTipCalculator */ = {
			isa = PBXGroup;
			children = (
				BAB9B83F1D92BD2500B51C7D /* AppDelegate.swift */,
				BAB9B8411D92BD2500B51C7D /* ViewController.swift */,
				BAB9B8431D92BD2500B51C7D /* Main.storyboard */,
				BAB9B8461D92BD2500B51C7D /* Assets.xcassets */,
				BAB9B8481D92BD2500B51C7D /* LaunchScreen.storyboard */,
				BAB9B84B1D92BD2500B51C7D /* Info.plist */,
			);
			path = SimpleTipCalculator;
			sourceTree = "<group>";
		};
/* End PBXGroup section */

/* Begin PBXNativeTarget section */
		BAB9B83B1D92BD2500B51C7D /* SimpleTipCalculator */ = {
			isa = PBXNativeTarget;
			buildConfigurationList = BAB9B84E1D92BD2500B51C7D /* Build configuration list for PBXNativeTarget "SimpleTipCalculator" */;
			buildPhases = (
				BAB9B8381D92BD2500B51C7D /* Sources */,
				BAB9B8391D92BD2500B51C7D /* Frameworks */,
				BAB9B83A1D92BD2500B51C7D /* Resources */,
			);
			buildRules = (
			);
			dependencies = (
			);
			name = SimpleTipCalculator;
			productName = SimpleTipCalculator;
			productReference = BAB9B83C1D92BD2500B51C7D /* SimpleTipCalculator.app */;
			productType = "com.apple.product-type.application";
		};
/* End PBXNativeTarget section */

/* Begin PBXProject section */
		BAB9B8341D92BD2500B51C7D /* Project object */ = {
			isa = PBXProject;
			attributes = {
				LastSwiftUpdateCheck = 0730;
				LastUpgradeCheck = 0730;
				ORGANIZATIONNAME = Saira;
				TargetAttributes = {
					BAB9B83B1D92BD2500B51C7D = {
						CreatedOnToolsVersion = 7.3.1;
					};
				};
			};
			buildConfigurationList = BAB9B8371D92BD2500B51C7D /* Build configuration list for PBXProject "SimpleTipCalculator" */;
			compatibilityVersion = "Xcode 3.2";
			developmentRegion = English;
			hasScannedForEncodings = 0;
			knownRegions = (
				en,
				Base,
			);
			mainGroup = BAB9B8331D92BD2500B51C7D;
			productRefGroup = BAB9B83D1D92BD2500B51C7D /* Products */;
			projectDirPath = "";
			projectRoot = "";
			targets = (
				BAB9B83B1D92BD2500B51C7D /* SimpleTipCalculator */,
			);
		};
/* End PBXProject section */

/* Begin PBXResourcesBuildPhase section */
		BAB9B83A1D92BD2500B51C7D /* Resources */ = {
			isa = PBXResourcesBuildPhase;
			buildActionMask = 2147483647;
			files = (
				BAB9B84A1D92BD2500B51C7D /* LaunchScreen.storyboard in Resources */,
				BAB9B8471D92BD2500B51C7D /* Assets.xcassets in Resources */,
				BAB9B8451D92BD2500B51C7D /* Main.storyboard in Resources */,
			);
			runOnlyForDeploymentPostprocessing = 0;
		};
/* End PBXResourcesBuildPhase section */

/* Begin PBXSourcesBuildPhase section */
		BAB9B8381D92BD2500B51C7D /* Sources */ = {
			isa = PBXSourcesBuildPhase;
			buildActionMask = 2147483647;
			files = (
				BAB9B8421D92BD2500B51C7D /* ViewController.swift in Sources */,
				BAB9B8401D92BD2500B51C7D /* AppDelegate.swift in Sources */,
			);
			runOnlyForDeploymentPostprocessing = 0;
		};
/* End PBXSourcesBuildPhase section */

/* Begin PBXVariantGroup section */
		BAB9B8431D92BD2500B51C7D /* Main.storyboard */ = {
			isa = PBXVariantGroup;
			children = (
				BAB9B8441D92BD2500B51C7D /* Base */,
			);
			name = Main.storyboard;
			sourceTree = "<group>";
		};
		BAB9B8481D92BD2500B51C7D /* LaunchScreen.storyboard */ = {
			isa = PBXVariantGroup;
			children = (
				BAB9B8491D92BD2500B51C7D /* Base */,
			);
			name = LaunchScreen.storyboard;
			sourceTree = "<group>";
		};
/* End PBXVariantGroup section */

/* Begin XCBuildConfiguration section */
		BAB9B84C1D92BD2500B51C7D /* Debug */ = {
			isa = XCBuildConfiguration;
			buildSettings = {
				ALWAYS_SEARCH_USER_PATHS = NO;
				CLANG_ANALYZER_NONNULL = YES;
				CLANG_CXX_LANGUAGE_STANDARD = "gnu++0x";
				CLANG_CXX_LIBRARY = "libc++";
				CLANG_ENABLE_MODULES = YES;
				CLANG_ENABLE_OBJC_ARC = YES;
				CLANG_WARN_BOOL_CONVERSION = YES;
				CLANG_WARN_CONSTANT_CONVERSION = YES;
				CLANG_WARN_DIRECT_OBJC_ISA_USAGE = YES_ERROR;
				CLANG_WARN_EMPTY_BODY = YES;
				CLANG_WARN_ENUM_CONVERSION = YES;
				CLANG_WARN_INT_CONVERSION = YES;
				CLANG_WARN_OBJC_ROOT_CLASS = YES_ERROR;
				CLANG_WARN_UNREACHABLE_CODE = YES;
				CLANG_WARN__DUPLICATE_METHOD_MATCH = YES;
				"CODE_SIGN_IDENTITY[sdk=iphoneos*]" = "iPhone Developer";
				COPY_PHASE_STRIP = NO;
				DEBUG_INFORMATION_FORMAT = dwarf;
				ENABLE_STRICT_OBJC_MSGSEND = YES;
				ENABLE_TESTABILITY = YES;
				GCC_C_LANGUAGE_STANDARD = gnu99;
				GCC_DYNAMIC_NO_PIC = NO;
				GCC_NO_COMMON_BLOCKS = YES;
				GCC_OPTIMIZATION_LEVEL = 0;
				GCC_PREPROCESSOR_DEFINITIONS = (
					"DEBUG=1",
					"$(inherited)",
				);
				GCC_WARN_64_TO_32_BIT_CONVERSION = YES;
				GCC_WARN_ABOUT_RETURN_TYPE = YES_ERROR;
				GCC_WARN_UNDECLARED_SELECTOR = YES;
				GCC_WARN_UNINITIALIZED_AUTOS = YES_AGGRESSIVE;
				GCC_WARN_UNUSED_FUNCTION = YES;
				GCC_WARN_UNUSED_VARIABLE = YES;
				IPHONEOS_DEPLOYMENT_TARGET = 9.3;
				MTL_ENABLE_DEBUG_INFO = YES;
				ONLY_ACTIVE_ARCH = YES;
				SDKROOT = iphoneos;
				SWIFT_OPTIMIZATION_LEVEL = "-Onone";
			};
			name = Debug;
		};
		BAB9B84D1D92BD2500B51C7D /* Release */ = {
			isa = XCBuildConfiguration;
			buildSettings = {
				ALWAYS_SEARCH_USER_PATHS = NO;
				CLANG_ANALYZER_NONNULL = YES;
				CLANG_CXX_LANGUAGE_STANDARD = "gnu++0x";
				CLANG_CXX_LIBRARY = "libc++";
				CLANG_ENABLE_MODULES = YES;
				CLANG_ENABLE_OBJC_ARC = YES;
				CLANG_WARN_BOOL_CONVERSION = YES;
				CLANG_WARN_CONSTANT_CONVERSION = YES;
				CLANG_WARN_DIRECT_OBJC_ISA_USAGE = YES_ERROR;
				CLANG_WARN_EMPTY_BODY = YES;
				CLANG_WARN_ENUM_CONVERSION = YES;
				CLANG_WARN_INT_CONVERSION = YES;
				CLANG_WARN_OBJC_ROOT_CLASS = YES_ERROR;
				CLANG_WARN_UNREACHABLE_CODE = YES;
				CLANG_WARN__DUPLICATE_METHOD_MATCH = YES;
				"CODE_SIGN_IDENTITY[sdk=iphoneos*]" = "iPhone Developer";
				COPY_PHASE_STRIP = NO;
				DEBUG_INFORMATION_FORMAT = "dwarf-with-dsym";
				ENABLE_NS_ASSERTIONS = NO;
				ENABLE_STRICT_OBJC_MSGSEND = YES;
				GCC_C_LANGUAGE_STANDARD = gnu99;
				GCC_NO_COMMON_BLOCKS = YES;
				GCC_WARN_64_TO_32_BIT_CONVERSION = YES;
				GCC_WARN_ABOUT_RETURN_TYPE = YES_ERROR;
				GCC_WARN_UNDECLARED_SELECTOR = YES;
				GCC_WARN_UNINITIALIZED_AUTOS = YES_AGGRESSIVE;
				GCC_WARN_UNUSED_FUNCTION = YES;
				GCC_WARN_UNUSED_VARIABLE = YES;
				IPHONEOS_DEPLOYMENT_TARGET = 9.3;
				MTL_ENABLE_DEBUG_INFO = NO;
				SDKROOT = iphoneos;
				VALIDATE_PRODUCT = YES;
			};
			name = Release;
		};
		BAB9B84F1D92BD2500B51C7D /* Debug */ = {
			isa = XCBuildConfiguration;
			buildSettings = {
				ASSETCATALOG_COMPILER_APPICON_NAME = AppIcon;
				INFOPLIST_FILE = SimpleTipCalculator/Info.plist;
				LD_RUNPATH_SEARCH_PATHS = "$(inherited) @executable_path/Frameworks";
				PRODUCT_BUNDLE_IDENTIFIER = com.clustox.SimpleTipCalculator;
				PRODUCT_NAME = "$(TARGET_NAME)";
			};
			name = Debug;
		};
		BAB9B8501D92BD2500B51C7D /* Release */ = {
			isa = XCBuildConfiguration;
			buildSettings = {
				ASSETCATALOG_COMPILER_APPICON_NAME = AppIcon;
				INFOPLIST_FILE = SimpleTipCalculator/Info.plist;
				LD_RUNPATH_SEARCH_PATHS = "$(inherited) @executable_path/Frameworks";
				PRODUCT_BUNDLE_IDENTIFIER = com.clustox.SimpleTipCalculator;
				PRODUCT_NAME = "$(TARGET_NAME)";
			};
			name = Release;
		};
/* End XCBuildConfiguration section */

/* Begin XCConfigurationList section */
		BAB9B8371D92BD2500B51C7D /* Build configuration list for PBXProject "SimpleTipCalculator" */ = {
			isa = XCConfigurationList;
			buildConfigurations = (
				BAB9B84C1D92BD2500B51C7D /* Debug */,
				BAB9B84D1D92BD2500B51C7D /* Release */,
			);
			defaultConfigurationIsVisible = 0;
			defaultConfigurationName = Release;
		};
		BAB9B84E1D92BD2500B51C7D /* Build configuration list for PBXNativeTarget "SimpleTipCalculator" */ = {
			isa = XCConfigurationList;
			buildConfigurations = (
				BAB9B84F1D92BD2500B51C7D /* Debug */,
				BAB9B8501D92BD2500B51C7D /* Release */,
			);
			defaultConfigurationIsVisible = 0;
		};
/* End XCConfigurationList section */
	};
	rootObject = BAB9B8341D92BD2500B51C7D /* Project object */;
}
